{
  "requires": true,
  "lockfileVersion": 1,
  "dependencies": {
    "react-modal-image": {
      "version": "2.5.0",
      "resolved": "https://registry.npmjs.org/react-modal-image/-/react-modal-image-2.5.0.tgz",
      "integrity": "sha512-QucQrgOLmF44CD4EFDLZ9ICrbHEZwztjALgx1GsNmMWZrAtmzDLarG+T1TK2OSE4w1eHfkXtmEhQibjbt0mT2g=="
    }
  }
}
